
Microsoft Visual Studio Solution File, Format Version 12.00
# Visual Studio 14
VisualStudioVersion = 14.0.25420.1
MinimumVisualStudioVersion = 10.0.40219.1
Project("{FAE04EC0-301F-11D3-BF4B-00C04F79EFBC}") = "Chess-club-manager", "Chess-club-manager\Chess-club-manager.csproj", "{B2A1E942-2837-4B70-84E7-9AE4C13043AE}"
EndProject
Project("{FAE04EC0-301F-11D3-BF4B-00C04F79EFBC}") = "Chess-club-manager.Tests", "Chess-club-manager.Tests\Chess-club-manager.Tests.csproj", "{4DCE5B3E-AFE3-4495-89EC-B9B816096386}"
EndProject
Project("{FAE04EC0-301F-11D3-BF4B-00C04F79EFBC}") = "Chess-club-manager.DataModel", "Chess-club-manager.DataModel\Chess-club-manager.DataModel.csproj", "{622CCD42-A54E-4E44-B5A6-8DE4F5DD09C8}"
EndProject
Global
	GlobalSection(SolutionConfigurationPlatforms) = preSolution
		Debug|Any CPU = Debug|Any CPU
		Release|Any CPU = Release|Any CPU
	EndGlobalSection
	GlobalSection(ProjectConfigurationPlatforms) = postSolution
		{B2A1E942-2837-4B70-84E7-9AE4C13043AE}.Debug|Any CPU.ActiveCfg = Debug|Any CPU
		{B2A1E942-2837-4B70-84E7-9AE4C13043AE}.Debug|Any CPU.Build.0 = Debug|Any CPU
		{B2A1E942-2837-4B70-84E7-9AE4C13043AE}.Release|Any CPU.ActiveCfg = Release|Any CPU
		{B2A1E942-2837-4B70-84E7-9AE4C13043AE}.Release|Any CPU.Build.0 = Release|Any CPU
		{4DCE5B3E-AFE3-4495-89EC-B9B816096386}.Debug|Any CPU.ActiveCfg = Debug|Any CPU
		{4DCE5B3E-AFE3-4495-89EC-B9B816096386}.Debug|Any CPU.Build.0 = Debug|Any CPU
		{4DCE5B3E-AFE3-4495-89EC-B9B816096386}.Release|Any CPU.ActiveCfg = Release|Any CPU
		{4DCE5B3E-AFE3-4495-89EC-B9B816096386}.Release|Any CPU.Build.0 = Release|Any CPU
		{622CCD42-A54E-4E44-B5A6-8DE4F5DD09C8}.Debug|Any CPU.ActiveCfg = Debug|Any CPU
		{622CCD42-A54E-4E44-B5A6-8DE4F5DD09C8}.Debug|Any CPU.Build.0 = Debug|Any CPU
		{622CCD42-A54E-4E44-B5A6-8DE4F5DD09C8}.Release|Any CPU.ActiveCfg = Release|Any CPU
		{622CCD42-A54E-4E44-B5A6-8DE4F5DD09C8}.Release|Any CPU.Build.0 = Release|Any CPU
	EndGlobalSection
	GlobalSection(SolutionProperties) = preSolution
		HideSolutionNode = FALSE
	EndGlobalSection
EndGlobal
